// !$*UTF8*$!
{
	archiveVersion = 1;
	classes = {
	};
	objectVersion = 46;
	objects = {

/* Begin PBXBuildFile section */
		30F68F341C6EB3E4009AC5C3 /* AppDelegate.swift in Sources */ = {isa = PBXBuildFile; fileRef = 30F68F331C6EB3E4009AC5C3 /* AppDelegate.swift */; };
		30F68F361C6EB3E4009AC5C3 /* ViewController.swift in Sources */ = {isa = PBXBuildFile; fileRef = 30F68F351C6EB3E4009AC5C3 /* ViewController.swift */; };
		30F68F391C6EB3E4009AC5C3 /* Main.storyboard in Resources */ = {isa = PBXBuildFile; fileRef = 30F68F371C6EB3E4009AC5C3 /* Main.storyboard */; };
		30F68F3B1C6EB3E4009AC5C3 /* Assets.xcassets in Resources */ = {isa = PBXBuildFile; fileRef = 30F68F3A1C6EB3E4009AC5C3 /* Assets.xcassets */; };
		30F68F3E1C6EB3E4009AC5C3 /* LaunchScreen.storyboard in Resources */ = {isa = PBXBuildFile; fileRef = 30F68F3C1C6EB3E4009AC5C3 /* LaunchScreen.storyboard */; };
		30F68F461C6EB711009AC5C3 /* Cat.jpg in Resources */ = {isa = PBXBuildFile; fileRef = 30F68F451C6EB711009AC5C3 /* Cat.jpg */; };
/* End PBXBuildFile section */

/* Begin PBXFileReference section */
		30F68F301C6EB3E4009AC5C3 /* Cat years.app */ = {isa = PBXFileReference; explicitFileType = wrapper.application; includeInIndex = 0; path = "Cat years.app"; sourceTree = BUILT_PRODUCTS_DIR; };
		30F68F331C6EB3E4009AC5C3 /* AppDelegate.swift */ = {isa = PBXFileReference; lastKnownFileType = sourcecode.swift; path = AppDelegate.swift; sourceTree = "<group>"; };
		30F68F351C6EB3E4009AC5C3 /* ViewController.swift */ = {isa = PBXFileReference; lastKnownFileType = sourcecode.swift; path = ViewController.swift; sourceTree = "<group>"; };
		30F68F381C6EB3E4009AC5C3 /* Base */ = {isa = PBXFileReference; lastKnownFileType = file.storyboard; name = Base; path = Base.lproj/Main.storyboard; sourceTree = "<group>"; };
		30F68F3A1C6EB3E4009AC5C3 /* Assets.xcassets */ = {isa = PBXFileReference; lastKnownFileType = folder.assetcatalog; path = Assets.xcassets; sourceTree = "<group>"; };
		30F68F3D1C6EB3E4009AC5C3 /* Base */ = {isa = PBXFileReference; lastKnownFileType = file.storyboard; name = Base; path = Base.lproj/LaunchScreen.storyboard; sourceTree = "<group>"; };
		30F68F3F1C6EB3E4009AC5C3 /* Info.plist */ = {isa = PBXFileReference; lastKnownFileType = text.plist.xml; path = Info.plist; sourceTree = "<group>"; };
		30F68F451C6EB711009AC5C3 /* Cat.jpg */ = {isa = PBXFileReference; lastKnownFileType = image.jpeg; path = Cat.jpg; sourceTree = "<group>"; };
/* End PBXFileReference section */

/* Begin PBXFrameworksBuildPhase section */
		30F68F2D1C6EB3E4009AC5C3 /* Frameworks */ = {
			isa = PBXFrameworksBuildPhase;
			buildActionMask = 2147483647;
			files = (
			);
			runOnlyForDeploymentPostprocessing = 0;
		};
/* End PBXFrameworksBuildPhase section */

/* Begin PBXGroup section */
		30F68F271C6EB3E4009AC5C3 = {
			isa = PBXGroup;
			children = (
				30F68F321C6EB3E4009AC5C3 /* Cat years */,
				30F68F311C6EB3E4009AC5C3 /* Products */,
			);
			sourceTree = "<group>";
		};
		30F68F311C6EB3E4009AC5C3 /* Products */ = {
			isa = PBXGroup;
			children = (
				30F68F301C6EB3E4009AC5C3 /* Cat years.app */,
			);
			name = Products;
			sourceTree = "<group>";
		};
		30F68F321C6EB3E4009AC5C3 /* Cat years */ = {
			isa = PBXGroup;
			children = (
				30F68F331C6EB3E4009AC5C3 /* AppDelegate.swift */,
				30F68F351C6EB3E4009AC5C3 /* ViewController.swift */,
				30F68F371C6EB3E4009AC5C3 /* Main.storyboard */,
				30F68F451C6EB711009AC5C3 /* Cat.jpg */,
				30F68F3A1C6EB3E4009AC5C3 /* Assets.xcassets */,
				30F68F3C1C6EB3E4009AC5C3 /* LaunchScreen.storyboard */,
				30F68F3F1C6EB3E4009AC5C3 /* Info.plist */,
			);
			path = "Cat years";
			sourceTree = "<group>";
		};
/* End PBXGroup section */

/* Begin PBXNativeTarget section */
		30F68F2F1C6EB3E4009AC5C3 /* Cat years */ = {
			isa = PBXNativeTarget;
			buildConfigurationList = 30F68F421C6EB3E5009AC5C3 /* Build configuration list for PBXNativeTarget "Cat years" */;
			buildPhases = (
				30F68F2C1C6EB3E4009AC5C3 /* Sources */,
				30F68F2D1C6EB3E4009AC5C3 /* Frameworks */,
				30F68F2E1C6EB3E4009AC5C3 /* Resources */,
			);
			buildRules = (
			);
			dependencies = (
			);
			name = "Cat years";
			productName = "Cat years";
			productReference = 30F68F301C6EB3E4009AC5C3 /* Cat years.app */;
			productType = "com.apple.product-type.application";
		};
/* End PBXNativeTarget section */

/* Begin PBXProject section */
		30F68F281C6EB3E4009AC5C3 /* Project object */ = {
			isa = PBXProject;
			attributes = {
				LastSwiftUpdateCheck = 0720;
				LastUpgradeCheck = 0720;
				ORGANIZATIONNAME = "Kevin Bui";
				TargetAttributes = {
					30F68F2F1C6EB3E4009AC5C3 = {
						CreatedOnToolsVersion = 7.2;
					};
				};
			};
			buildConfigurationList = 30F68F2B1C6EB3E4009AC5C3 /* Build configuration list for PBXProject "Cat years" */;
			compatibilityVersion = "Xcode 3.2";
			developmentRegion = English;
			hasScannedForEncodings = 0;
			knownRegions = (
				en,
				Base,
			);
			mainGroup = 30F68F271C6EB3E4009AC5C3;
			productRefGroup = 30F68F311C6EB3E4009AC5C3 /* Products */;
			projectDirPath = "";
			projectRoot = "";
			targets = (
				30F68F2F1C6EB3E4009AC5C3 /* Cat years */,
			);
		};
/* End PBXProject section */

/* Begin PBXResourcesBuildPhase section */
		30F68F2E1C6EB3E4009AC5C3 /* Resources */ = {
			isa = PBXResourcesBuildPhase;
			buildActionMask = 2147483647;
			files = (
				30F68F3E1C6EB3E4009AC5C3 /* LaunchScreen.storyboard in Resources */,
				30F68F3B1C6EB3E4009AC5C3 /* Assets.xcassets in Resources */,
				30F68F461C6EB711009AC5C3 /* Cat.jpg in Resources */,
				30F68F391C6EB3E4009AC5C3 /* Main.storyboard in Resources */,
			);
			runOnlyForDeploymentPostprocessing = 0;
		};
/* End PBXResourcesBuildPhase section */

/* Begin PBXSourcesBuildPhase section */
		30F68F2C1C6EB3E4009AC5C3 /* Sources */ = {
			isa = PBXSourcesBuildPhase;
			buildActionMask = 2147483647;
			files = (
				30F68F361C6EB3E4009AC5C3 /* ViewController.swift in Sources */,
				30F68F341C6EB3E4009AC5C3 /* AppDelegate.swift in Sources */,
			);
			runOnlyForDeploymentPostprocessing = 0;
		};
/* End PBXSourcesBuildPhase section */

/* Begin PBXVariantGroup section */
		30F68F371C6EB3E4009AC5C3 /* Main.storyboard */ = {
			isa = PBXVariantGroup;
			children = (
				30F68F381C6EB3E4009AC5C3 /* Base */,
			);
			name = Main.storyboard;
			sourceTree = "<group>";
		};
		30F68F3C1C6EB3E4009AC5C3 /* LaunchScreen.storyboard */ = {
			isa = PBXVariantGroup;
			children = (
				30F68F3D1C6EB3E4009AC5C3 /* Base */,
			);
			name = LaunchScreen.storyboard;
			sourceTree = "<group>";
		};
/* End PBXVariantGroup section */

/* Begin XCBuildConfiguration section */
		30F68F401C6EB3E5009AC5C3 /* Debug */ = {
			isa = XCBuildConfiguration;
			buildSettings = {
				ALWAYS_SEARCH_USER_PATHS = NO;
				CLANG_CXX_LANGUAGE_STANDARD = "gnu++0x";
				CLANG_CXX_LIBRARY = "libc++";
				CLANG_ENABLE_MODULES = YES;
				CLANG_ENABLE_OBJC_ARC = YES;
				CLANG_WARN_BOOL_CONVERSION = YES;
				CLANG_WARN_CONSTANT_CONVERSION = YES;
				CLANG_WARN_DIRECT_OBJC_ISA_USAGE = YES_ERROR;
				CLANG_WARN_EMPTY_BODY = YES;
				CLANG_WARN_ENUM_CONVERSION = YES;
				CLANG_WARN_INT_CONVERSION = YES;
				CLANG_WARN_OBJC_ROOT_CLASS = YES_ERROR;
				CLANG_WARN_UNREACHABLE_CODE = YES;
				CLANG_WARN__DUPLICATE_METHOD_MATCH = YES;
				"CODE_SIGN_IDENTITY[sdk=iphoneos*]" = "iPhone Developer";
				COPY_PHASE_STRIP = NO;
				DEBUG_INFORMATION_FORMAT = dwarf;
				ENABLE_STRICT_OBJC_MSGSEND = YES;
				ENABLE_TESTABILITY = YES;
				GCC_C_LANGUAGE_STANDARD = gnu99;
				GCC_DYNAMIC_NO_PIC = NO;
				GCC_NO_COMMON_BLOCKS = YES;
				GCC_OPTIMIZATION_LEVEL = 0;
				GCC_PREPROCESSOR_DEFINITIONS = (
					"DEBUG=1",
					"$(inherited)",
				);
				GCC_WARN_64_TO_32_BIT_CONVERSION = YES;
				GCC_WARN_ABOUT_RETURN_TYPE = YES_ERROR;
				GCC_WARN_UNDECLARED_SELECTOR = YES;
				GCC_WARN_UNINITIALIZED_AUTOS = YES_AGGRESSIVE;
				GCC_WARN_UNUSED_FUNCTION = YES;
				GCC_WARN_UNUSED_VARIABLE = YES;
				IPHONEOS_DEPLOYMENT_TARGET = 9.2;
				MTL_ENABLE_DEBUG_INFO = YES;
				ONLY_ACTIVE_ARCH = YES;
				SDKROOT = iphoneos;
				SWIFT_OPTIMIZATION_LEVEL = "-Onone";
			};
			name = Debug;
		};
		30F68F411C6EB3E5009AC5C3 /* Release */ = {
			isa = XCBuildConfiguration;
			buildSettings = {
				ALWAYS_SEARCH_USER_PATHS = NO;
				CLANG_CXX_LANGUAGE_STANDARD = "gnu++0x";
				CLANG_CXX_LIBRARY = "libc++";
				CLANG_ENABLE_MODULES = YES;
				CLANG_ENABLE_OBJC_ARC = YES;
				CLANG_WARN_BOOL_CONVERSION = YES;
				CLANG_WARN_CONSTANT_CONVERSION = YES;
				CLANG_WARN_DIRECT_OBJC_ISA_USAGE = YES_ERROR;
				CLANG_WARN_EMPTY_BODY = YES;
				CLANG_WARN_ENUM_CONVERSION = YES;
				CLANG_WARN_INT_CONVERSION = YES;
				CLANG_WARN_OBJC_ROOT_CLASS = YES_ERROR;
				CLANG_WARN_UNREACHABLE_CODE = YES;
				CLANG_WARN__DUPLICATE_METHOD_MATCH = YES;
				"CODE_SIGN_IDENTITY[sdk=iphoneos*]" = "iPhone Developer";
				COPY_PHASE_STRIP = NO;
				DEBUG_INFORMATION_FORMAT = "dwarf-with-dsym";
				ENABLE_NS_ASSERTIONS = NO;
				ENABLE_STRICT_OBJC_MSGSEND = YES;
				GCC_C_LANGUAGE_STANDARD = gnu99;
				GCC_NO_COMMON_BLOCKS = YES;
				GCC_WARN_64_TO_32_BIT_CONVERSION = YES;
				GCC_WARN_ABOUT_RETURN_TYPE = YES_ERROR;
				GCC_WARN_UNDECLARED_SELECTOR = YES;
				GCC_WARN_UNINITIALIZED_AUTOS = YES_AGGRESSIVE;
				GCC_WARN_UNUSED_FUNCTION = YES;
				GCC_WARN_UNUSED_VARIABLE = YES;
				IPHONEOS_DEPLOYMENT_TARGET = 9.2;
				MTL_ENABLE_DEBUG_INFO = NO;
				SDKROOT = iphoneos;
				VALIDATE_PRODUCT = YES;
			};
			name = Release;
		};
		30F68F431C6EB3E5009AC5C3 /* Debug */ = {
			isa = XCBuildConfiguration;
			buildSettings = {
				ASSETCATALOG_COMPILER_APPICON_NAME = AppIcon;
				INFOPLIST_FILE = "Cat years/Info.plist";
				LD_RUNPATH_SEARCH_PATHS = "$(inherited) @executable_path/Frameworks";
				PRODUCT_BUNDLE_IDENTIFIER = "com.kevinbui.Cat-years";
				PRODUCT_NAME = "$(TARGET_NAME)";
			};
			name = Debug;
		};
		30F68F441C6EB3E5009AC5C3 /* Release */ = {
			isa = XCBuildConfiguration;
			buildSettings = {
				ASSETCATALOG_COMPILER_APPICON_NAME = AppIcon;
				INFOPLIST_FILE = "Cat years/Info.plist";
				LD_RUNPATH_SEARCH_PATHS = "$(inherited) @executable_path/Frameworks";
				PRODUCT_BUNDLE_IDENTIFIER = "com.kevinbui.Cat-years";
				PRODUCT_NAME = "$(TARGET_NAME)";
			};
			name = Release;
		};
/* End XCBuildConfiguration section */

/* Begin XCConfigurationList section */
		30F68F2B1C6EB3E4009AC5C3 /* Build configuration list for PBXProject "Cat years" */ = {
			isa = XCConfigurationList;
			buildConfigurations = (
				30F68F401C6EB3E5009AC5C3 /* Debug */,
				30F68F411C6EB3E5009AC5C3 /* Release */,
			);
			defaultConfigurationIsVisible = 0;
			defaultConfigurationName = Release;
		};
		30F68F421C6EB3E5009AC5C3 /* Build configuration list for PBXNativeTarget "Cat years" */ = {
			isa = XCConfigurationList;
			buildConfigurations = (
				30F68F431C6EB3E5009AC5C3 /* Debug */,
				30F68F441C6EB3E5009AC5C3 /* Release */,
			);
			defaultConfigurationIsVisible = 0;
		};
/* End XCConfigurationList section */
	};
	rootObject = 30F68F281C6EB3E4009AC5C3 /* Project object */;
}
